
Microsoft Visual Studio Solution File, Format Version 12.00
# Visual Studio Version 17
VisualStudioVersion = 17.6.33801.468
MinimumVisualStudioVersion = 10.0.40219.1
Project("{FAE04EC0-301F-11D3-BF4B-00C04F79EFBC}") = "SnakeAndLadder", "SnakeAndLadder.csproj", "{BC8F9802-057D-41E5-AA4F-DE9FB7233DF8}"
EndProject
Global
	GlobalSection(SolutionConfigurationPlatforms) = preSolution
		Debug|Any CPU = Debug|Any CPU
		Release|Any CPU = Release|Any CPU
	EndGlobalSection
	GlobalSection(ProjectConfigurationPlatforms) = postSolution
		{BC8F9802-057D-41E5-AA4F-DE9FB7233DF8}.Debug|Any CPU.ActiveCfg = Debug|Any CPU
		{BC8F9802-057D-41E5-AA4F-DE9FB7233DF8}.Debug|Any CPU.Build.0 = Debug|Any CPU
		{BC8F9802-057D-41E5-AA4F-DE9FB7233DF8}.Release|Any CPU.ActiveCfg = Release|Any CPU
		{BC8F9802-057D-41E5-AA4F-DE9FB7233DF8}.Release|Any CPU.Build.0 = Release|Any CPU
	EndGlobalSection
	GlobalSection(SolutionProperties) = preSolution
		HideSolutionNode = FALSE
	EndGlobalSection
	GlobalSection(ExtensibilityGlobals) = postSolution
		SolutionGuid = {5B1021AB-DA59-41B8-B3E7-82138DA178A4}
	EndGlobalSection
EndGlobal
